
Microsoft Visual Studio Solution File, Format Version 12.00
# Visual Studio 15
VisualStudioVersion = 15.0.28307.1259
MinimumVisualStudioVersion = 10.0.40219.1
Project("{9A19103F-16F7-4668-BE54-9A1E7A4F7556}") = "DigitRecognition", "Lab_2\DigitRecognition.csproj", "{5E134F52-A5BB-4A9E-8A87-9FA73698DA7D}"
EndProject
Project("{FAE04EC0-301F-11D3-BF4B-00C04F79EFBC}") = "WpfApp1", "WpfApp1\WpfApp1.csproj", "{361F5A42-B653-4479-AB9C-C5F4A8EAFE72}"
EndProject
Global
	GlobalSection(SolutionConfigurationPlatforms) = preSolution
		Debug|Any CPU = Debug|Any CPU
		Debug|x64 = Debug|x64
		Release|Any CPU = Release|Any CPU
		Release|x64 = Release|x64
	EndGlobalSection
	GlobalSection(ProjectConfigurationPlatforms) = postSolution
		{5E134F52-A5BB-4A9E-8A87-9FA73698DA7D}.Debug|Any CPU.ActiveCfg = Debug|Any CPU
		{5E134F52-A5BB-4A9E-8A87-9FA73698DA7D}.Debug|Any CPU.Build.0 = Debug|Any CPU
		{5E134F52-A5BB-4A9E-8A87-9FA73698DA7D}.Debug|x64.ActiveCfg = Debug|Any CPU
		{5E134F52-A5BB-4A9E-8A87-9FA73698DA7D}.Debug|x64.Build.0 = Debug|Any CPU
		{5E134F52-A5BB-4A9E-8A87-9FA73698DA7D}.Release|Any CPU.ActiveCfg = Release|Any CPU
		{5E134F52-A5BB-4A9E-8A87-9FA73698DA7D}.Release|Any CPU.Build.0 = Release|Any CPU
		{5E134F52-A5BB-4A9E-8A87-9FA73698DA7D}.Release|x64.ActiveCfg = Release|Any CPU
		{5E134F52-A5BB-4A9E-8A87-9FA73698DA7D}.Release|x64.Build.0 = Release|Any CPU
		{361F5A42-B653-4479-AB9C-C5F4A8EAFE72}.Debug|Any CPU.ActiveCfg = Debug|Any CPU
		{361F5A42-B653-4479-AB9C-C5F4A8EAFE72}.Debug|Any CPU.Build.0 = Debug|Any CPU
		{361F5A42-B653-4479-AB9C-C5F4A8EAFE72}.Debug|x64.ActiveCfg = Debug|x64
		{361F5A42-B653-4479-AB9C-C5F4A8EAFE72}.Debug|x64.Build.0 = Debug|x64
		{361F5A42-B653-4479-AB9C-C5F4A8EAFE72}.Release|Any CPU.ActiveCfg = Release|Any CPU
		{361F5A42-B653-4479-AB9C-C5F4A8EAFE72}.Release|Any CPU.Build.0 = Release|Any CPU
		{361F5A42-B653-4479-AB9C-C5F4A8EAFE72}.Release|x64.ActiveCfg = Release|x64
		{361F5A42-B653-4479-AB9C-C5F4A8EAFE72}.Release|x64.Build.0 = Release|x64
	EndGlobalSection
	GlobalSection(SolutionProperties) = preSolution
		HideSolutionNode = FALSE
	EndGlobalSection
	GlobalSection(ExtensibilityGlobals) = postSolution
		SolutionGuid = {363E0D66-E033-4795-ADC8-39740FE93C97}
	EndGlobalSection
EndGlobal
